
Microsoft Visual Studio Solution File, Format Version 12.00
# Visual Studio Version 17
VisualStudioVersion = 17.3.32811.315
MinimumVisualStudioVersion = 10.0.40219.1
Project("{2150E333-8FDC-42A3-9474-1A3956D46DE8}") = "2022", "2022", "{E4CE638E-D9E3-4140-939A-457BCA44EC94}"
EndProject
Project("{2150E333-8FDC-42A3-9474-1A3956D46DE8}") = "2023", "2023", "{E99E7CC7-6365-43B6-94E2-108E4C4B4493}"
EndProject
Project("{2150E333-8FDC-42A3-9474-1A3956D46DE8}") = "Helpers", "Helpers", "{4447E1F2-F1AF-40D3-8FAE-66E27DFB3D8D}"
EndProject
Project("{9A19103F-16F7-4668-BE54-9A1E7A4F7556}") = "Helpers", "Helpers\Helpers.csproj", "{309A0CD8-C6CC-495D-83A0-B4F160663F24}"
EndProject
Project("{2150E333-8FDC-42A3-9474-1A3956D46DE8}") = "Day01", "Day01", "{9E01F714-F3FC-4190-8987-D3E33E48D1A0}"
EndProject
Project("{9A19103F-16F7-4668-BE54-9A1E7A4F7556}") = "Day1", "2022\Day1\Day1.csproj", "{2361F7C9-24DC-4DDD-8436-5A641F55B7EA}"
EndProject
Project("{9A19103F-16F7-4668-BE54-9A1E7A4F7556}") = "Day1Test", "2022\Day1Test\Day1Test.csproj", "{8905CA97-3CB1-459D-B28A-1667B9FBFB63}"
EndProject
Project("{2150E333-8FDC-42A3-9474-1A3956D46DE8}") = "Day02", "Day02", "{05025E64-46BD-4230-BF6D-850C58AE3E06}"
EndProject
Project("{2150E333-8FDC-42A3-9474-1A3956D46DE8}") = "Day03", "Day03", "{AF317852-6BE8-490E-9F84-A787BB96AA3E}"
EndProject
Project("{2150E333-8FDC-42A3-9474-1A3956D46DE8}") = "Day04", "Day04", "{FDBA6454-9573-4441-A53D-583D48A83A55}"
EndProject
Project("{2150E333-8FDC-42A3-9474-1A3956D46DE8}") = "Day05", "Day05", "{C1EF55A1-5EEA-47D3-930D-7EF51056AE02}"
EndProject
Project("{2150E333-8FDC-42A3-9474-1A3956D46DE8}") = "Day06", "Day06", "{35952012-DD4C-4ED5-B5A7-86FDBF113B92}"
EndProject
Project("{2150E333-8FDC-42A3-9474-1A3956D46DE8}") = "Day07", "Day07", "{047B7492-D254-4C9B-9845-9CAACE25A9C6}"
EndProject
Project("{2150E333-8FDC-42A3-9474-1A3956D46DE8}") = "Day08", "Day08", "{061E0D4F-DECC-48D7-AD78-96BB781C32E0}"
EndProject
Project("{2150E333-8FDC-42A3-9474-1A3956D46DE8}") = "Day09", "Day09", "{02FB48F8-451F-4226-8698-5C206A269EA1}"
EndProject
Project("{2150E333-8FDC-42A3-9474-1A3956D46DE8}") = "Day10", "Day10", "{A9743C31-9C70-40C9-94DF-9F6F7A8A8658}"
EndProject
Project("{2150E333-8FDC-42A3-9474-1A3956D46DE8}") = "Day11", "Day11", "{D9C70FF0-8C75-4B3A-BF5E-6DB73D1D7F67}"
EndProject
Project("{2150E333-8FDC-42A3-9474-1A3956D46DE8}") = "Day12", "Day12", "{41374E97-A952-4EC3-98A7-012DD2CF11E5}"
EndProject
Project("{9A19103F-16F7-4668-BE54-9A1E7A4F7556}") = "Day2", "2022\Day2\Day2.csproj", "{F72E1CE4-0825-4135-A249-B1617BD9048C}"
EndProject
Project("{9A19103F-16F7-4668-BE54-9A1E7A4F7556}") = "Day2Test", "2022\Day2Test\Day2Test.csproj", "{DDC23DA0-F731-4AAF-8ECA-F4DBF883CE80}"
EndProject
Project("{9A19103F-16F7-4668-BE54-9A1E7A4F7556}") = "Day3", "2022\Day3\Day3.csproj", "{A40BB2C7-4A67-4A34-8811-646B660A4E4D}"
EndProject
Project("{9A19103F-16F7-4668-BE54-9A1E7A4F7556}") = "Day3Test", "2022\Day3Test\Day3Test.csproj", "{0105953B-C882-4E37-9067-D086D055CCFD}"
EndProject
Project("{9A19103F-16F7-4668-BE54-9A1E7A4F7556}") = "Day4", "2022\Day4\Day4.csproj", "{BF37AA62-DEB2-4704-AE60-84E77B0C26BC}"
EndProject
Project("{9A19103F-16F7-4668-BE54-9A1E7A4F7556}") = "Day4Test", "2022\Day4Test\Day4Test.csproj", "{8E7D3A6A-988F-4C75-9A07-D90186A1BF37}"
EndProject
Project("{9A19103F-16F7-4668-BE54-9A1E7A4F7556}") = "Day5", "2022\Day5\Day5.csproj", "{FAF7FDB4-B9D1-41F4-988E-F37C12727840}"
EndProject
Project("{9A19103F-16F7-4668-BE54-9A1E7A4F7556}") = "Day5Test", "2022\Day5Test\Day5Test.csproj", "{718A86CB-9515-403B-94D8-C2EFA47592DF}"
EndProject
Project("{9A19103F-16F7-4668-BE54-9A1E7A4F7556}") = "Day6", "2022\Day6\Day6.csproj", "{5F6D79A3-2119-4922-BD80-1ADE67F9B01B}"
EndProject
Project("{9A19103F-16F7-4668-BE54-9A1E7A4F7556}") = "Day6Test", "2022\Day6Test\Day6Test.csproj", "{22DC65A6-80CD-4930-91EF-0C041CA2F3D4}"
EndProject
Project("{9A19103F-16F7-4668-BE54-9A1E7A4F7556}") = "Day7", "2022\Day7\Day7.csproj", "{C2864017-84D3-4020-BE9A-C2426CB6AA99}"
EndProject
Project("{9A19103F-16F7-4668-BE54-9A1E7A4F7556}") = "Day7Test", "2022\Day7Test\Day7Test.csproj", "{AFC44B34-83CF-4FBA-B052-909F2D2DDF6E}"
EndProject
Project("{9A19103F-16F7-4668-BE54-9A1E7A4F7556}") = "Day8", "2022\Day8\Day8.csproj", "{45216C44-CD1D-418C-8FAF-7293ABB9377C}"
EndProject
Project("{9A19103F-16F7-4668-BE54-9A1E7A4F7556}") = "Day8Test", "2022\Day8Test\Day8Test.csproj", "{939F1A65-F4E9-4226-81B2-FACDF1B05734}"
EndProject
Project("{9A19103F-16F7-4668-BE54-9A1E7A4F7556}") = "Day9", "2022\Day9\Day9.csproj", "{FD44B2D1-10CC-4A69-9EB7-03074A73F5E2}"
EndProject
Project("{9A19103F-16F7-4668-BE54-9A1E7A4F7556}") = "Day9Test", "2022\Day9Test\Day9Test.csproj", "{B27FB041-03D1-453F-8639-C0EFB09DEA06}"
EndProject
Project("{9A19103F-16F7-4668-BE54-9A1E7A4F7556}") = "Day10", "2022\Day10\Day10.csproj", "{0BB25733-CB14-4BE1-98F2-D2B09D000D81}"
EndProject
Project("{9A19103F-16F7-4668-BE54-9A1E7A4F7556}") = "Day10Test", "2022\Day10Test\Day10Test.csproj", "{F9E7B3BA-64DD-425A-8590-63759A2B0CA2}"
EndProject
Project("{9A19103F-16F7-4668-BE54-9A1E7A4F7556}") = "Day11", "2022\Day11\Day11.csproj", "{EC2FB87C-5D57-451D-BF4F-76B583AA149F}"
EndProject
Project("{9A19103F-16F7-4668-BE54-9A1E7A4F7556}") = "Day11Test", "2022\Day11Test\Day11Test.csproj", "{1551961F-821A-413F-A7DA-C2F0813FDA61}"
EndProject
Project("{9A19103F-16F7-4668-BE54-9A1E7A4F7556}") = "Day12", "2022\Day12\Day12.csproj", "{11BE3455-C5C9-44B1-85FD-35252239AF0F}"
EndProject
Project("{9A19103F-16F7-4668-BE54-9A1E7A4F7556}") = "Day12Test", "2022\Day12Test\Day12Test.csproj", "{A1888271-6935-43CE-980A-10EA0C58AE7F}"
EndProject
Project("{2150E333-8FDC-42A3-9474-1A3956D46DE8}") = "Day01", "Day01", "{C0322C7C-E3DA-4B2A-A8DD-48BBE2812CC6}"
EndProject
Project("{9A19103F-16F7-4668-BE54-9A1E7A4F7556}") = "Day01Test", "2023\Day01Test\Day01Test.csproj", "{2176CC82-2603-4CF3-B8A2-DDC13B5214CC}"
EndProject
Project("{9A19103F-16F7-4668-BE54-9A1E7A4F7556}") = "Day01", "2023\Day01\Day01.csproj", "{91399911-B101-4F04-A611-54F4008B7CA8}"
EndProject
Global
	GlobalSection(SolutionConfigurationPlatforms) = preSolution
		Debug|Any CPU = Debug|Any CPU
		Release|Any CPU = Release|Any CPU
	EndGlobalSection
	GlobalSection(ProjectConfigurationPlatforms) = postSolution
		{309A0CD8-C6CC-495D-83A0-B4F160663F24}.Debug|Any CPU.ActiveCfg = Debug|Any CPU
		{309A0CD8-C6CC-495D-83A0-B4F160663F24}.Debug|Any CPU.Build.0 = Debug|Any CPU
		{309A0CD8-C6CC-495D-83A0-B4F160663F24}.Release|Any CPU.ActiveCfg = Release|Any CPU
		{309A0CD8-C6CC-495D-83A0-B4F160663F24}.Release|Any CPU.Build.0 = Release|Any CPU
		{2361F7C9-24DC-4DDD-8436-5A641F55B7EA}.Debug|Any CPU.ActiveCfg = Debug|Any CPU
		{2361F7C9-24DC-4DDD-8436-5A641F55B7EA}.Debug|Any CPU.Build.0 = Debug|Any CPU
		{2361F7C9-24DC-4DDD-8436-5A641F55B7EA}.Release|Any CPU.ActiveCfg = Release|Any CPU
		{2361F7C9-24DC-4DDD-8436-5A641F55B7EA}.Release|Any CPU.Build.0 = Release|Any CPU
		{8905CA97-3CB1-459D-B28A-1667B9FBFB63}.Debug|Any CPU.ActiveCfg = Debug|Any CPU
		{8905CA97-3CB1-459D-B28A-1667B9FBFB63}.Debug|Any CPU.Build.0 = Debug|Any CPU
		{8905CA97-3CB1-459D-B28A-1667B9FBFB63}.Release|Any CPU.ActiveCfg = Release|Any CPU
		{8905CA97-3CB1-459D-B28A-1667B9FBFB63}.Release|Any CPU.Build.0 = Release|Any CPU
		{F72E1CE4-0825-4135-A249-B1617BD9048C}.Debug|Any CPU.ActiveCfg = Debug|Any CPU
		{F72E1CE4-0825-4135-A249-B1617BD9048C}.Debug|Any CPU.Build.0 = Debug|Any CPU
		{F72E1CE4-0825-4135-A249-B1617BD9048C}.Release|Any CPU.ActiveCfg = Release|Any CPU
		{F72E1CE4-0825-4135-A249-B1617BD9048C}.Release|Any CPU.Build.0 = Release|Any CPU
		{DDC23DA0-F731-4AAF-8ECA-F4DBF883CE80}.Debug|Any CPU.ActiveCfg = Debug|Any CPU
		{DDC23DA0-F731-4AAF-8ECA-F4DBF883CE80}.Debug|Any CPU.Build.0 = Debug|Any CPU
		{DDC23DA0-F731-4AAF-8ECA-F4DBF883CE80}.Release|Any CPU.ActiveCfg = Release|Any CPU
		{DDC23DA0-F731-4AAF-8ECA-F4DBF883CE80}.Release|Any CPU.Build.0 = Release|Any CPU
		{A40BB2C7-4A67-4A34-8811-646B660A4E4D}.Debug|Any CPU.ActiveCfg = Debug|Any CPU
		{A40BB2C7-4A67-4A34-8811-646B660A4E4D}.Debug|Any CPU.Build.0 = Debug|Any CPU
		{A40BB2C7-4A67-4A34-8811-646B660A4E4D}.Release|Any CPU.ActiveCfg = Release|Any CPU
		{A40BB2C7-4A67-4A34-8811-646B660A4E4D}.Release|Any CPU.Build.0 = Release|Any CPU
		{0105953B-C882-4E37-9067-D086D055CCFD}.Debug|Any CPU.ActiveCfg = Debug|Any CPU
		{0105953B-C882-4E37-9067-D086D055CCFD}.Debug|Any CPU.Build.0 = Debug|Any CPU
		{0105953B-C882-4E37-9067-D086D055CCFD}.Release|Any CPU.ActiveCfg = Release|Any CPU
		{0105953B-C882-4E37-9067-D086D055CCFD}.Release|Any CPU.Build.0 = Release|Any CPU
		{BF37AA62-DEB2-4704-AE60-84E77B0C26BC}.Debug|Any CPU.ActiveCfg = Debug|Any CPU
		{BF37AA62-DEB2-4704-AE60-84E77B0C26BC}.Debug|Any CPU.Build.0 = Debug|Any CPU
		{BF37AA62-DEB2-4704-AE60-84E77B0C26BC}.Release|Any CPU.ActiveCfg = Release|Any CPU
		{BF37AA62-DEB2-4704-AE60-84E77B0C26BC}.Release|Any CPU.Build.0 = Release|Any CPU
		{8E7D3A6A-988F-4C75-9A07-D90186A1BF37}.Debug|Any CPU.ActiveCfg = Debug|Any CPU
		{8E7D3A6A-988F-4C75-9A07-D90186A1BF37}.Debug|Any CPU.Build.0 = Debug|Any CPU
		{8E7D3A6A-988F-4C75-9A07-D90186A1BF37}.Release|Any CPU.ActiveCfg = Release|Any CPU
		{8E7D3A6A-988F-4C75-9A07-D90186A1BF37}.Release|Any CPU.Build.0 = Release|Any CPU
		{FAF7FDB4-B9D1-41F4-988E-F37C12727840}.Debug|Any CPU.ActiveCfg = Debug|Any CPU
		{FAF7FDB4-B9D1-41F4-988E-F37C12727840}.Debug|Any CPU.Build.0 = Debug|Any CPU
		{FAF7FDB4-B9D1-41F4-988E-F37C12727840}.Release|Any CPU.ActiveCfg = Release|Any CPU
		{FAF7FDB4-B9D1-41F4-988E-F37C12727840}.Release|Any CPU.Build.0 = Release|Any CPU
		{718A86CB-9515-403B-94D8-C2EFA47592DF}.Debug|Any CPU.ActiveCfg = Debug|Any CPU
		{718A86CB-9515-403B-94D8-C2EFA47592DF}.Debug|Any CPU.Build.0 = Debug|Any CPU
		{718A86CB-9515-403B-94D8-C2EFA47592DF}.Release|Any CPU.ActiveCfg = Release|Any CPU
		{718A86CB-9515-403B-94D8-C2EFA47592DF}.Release|Any CPU.Build.0 = Release|Any CPU
		{5F6D79A3-2119-4922-BD80-1ADE67F9B01B}.Debug|Any CPU.ActiveCfg = Debug|Any CPU
		{5F6D79A3-2119-4922-BD80-1ADE67F9B01B}.Debug|Any CPU.Build.0 = Debug|Any CPU
		{5F6D79A3-2119-4922-BD80-1ADE67F9B01B}.Release|Any CPU.ActiveCfg = Release|Any CPU
		{5F6D79A3-2119-4922-BD80-1ADE67F9B01B}.Release|Any CPU.Build.0 = Release|Any CPU
		{22DC65A6-80CD-4930-91EF-0C041CA2F3D4}.Debug|Any CPU.ActiveCfg = Debug|Any CPU
		{22DC65A6-80CD-4930-91EF-0C041CA2F3D4}.Debug|Any CPU.Build.0 = Debug|Any CPU
		{22DC65A6-80CD-4930-91EF-0C041CA2F3D4}.Release|Any CPU.ActiveCfg = Release|Any CPU
		{22DC65A6-80CD-4930-91EF-0C041CA2F3D4}.Release|Any CPU.Build.0 = Release|Any CPU
		{C2864017-84D3-4020-BE9A-C2426CB6AA99}.Debug|Any CPU.ActiveCfg = Debug|Any CPU
		{C2864017-84D3-4020-BE9A-C2426CB6AA99}.Debug|Any CPU.Build.0 = Debug|Any CPU
		{C2864017-84D3-4020-BE9A-C2426CB6AA99}.Release|Any CPU.ActiveCfg = Release|Any CPU
		{C2864017-84D3-4020-BE9A-C2426CB6AA99}.Release|Any CPU.Build.0 = Release|Any CPU
		{AFC44B34-83CF-4FBA-B052-909F2D2DDF6E}.Debug|Any CPU.ActiveCfg = Debug|Any CPU
		{AFC44B34-83CF-4FBA-B052-909F2D2DDF6E}.Debug|Any CPU.Build.0 = Debug|Any CPU
		{AFC44B34-83CF-4FBA-B052-909F2D2DDF6E}.Release|Any CPU.ActiveCfg = Release|Any CPU
		{AFC44B34-83CF-4FBA-B052-909F2D2DDF6E}.Release|Any CPU.Build.0 = Release|Any CPU
		{45216C44-CD1D-418C-8FAF-7293ABB9377C}.Debug|Any CPU.ActiveCfg = Debug|Any CPU
		{45216C44-CD1D-418C-8FAF-7293ABB9377C}.Debug|Any CPU.Build.0 = Debug|Any CPU
		{45216C44-CD1D-418C-8FAF-7293ABB9377C}.Release|Any CPU.ActiveCfg = Release|Any CPU
		{45216C44-CD1D-418C-8FAF-7293ABB9377C}.Release|Any CPU.Build.0 = Release|Any CPU
		{939F1A65-F4E9-4226-81B2-FACDF1B05734}.Debug|Any CPU.ActiveCfg = Debug|Any CPU
		{939F1A65-F4E9-4226-81B2-FACDF1B05734}.Debug|Any CPU.Build.0 = Debug|Any CPU
		{939F1A65-F4E9-4226-81B2-FACDF1B05734}.Release|Any CPU.ActiveCfg = Release|Any CPU
		{939F1A65-F4E9-4226-81B2-FACDF1B05734}.Release|Any CPU.Build.0 = Release|Any CPU
		{FD44B2D1-10CC-4A69-9EB7-03074A73F5E2}.Debug|Any CPU.ActiveCfg = Debug|Any CPU
		{FD44B2D1-10CC-4A69-9EB7-03074A73F5E2}.Debug|Any CPU.Build.0 = Debug|Any CPU
		{FD44B2D1-10CC-4A69-9EB7-03074A73F5E2}.Release|Any CPU.ActiveCfg = Release|Any CPU
		{FD44B2D1-10CC-4A69-9EB7-03074A73F5E2}.Release|Any CPU.Build.0 = Release|Any CPU
		{B27FB041-03D1-453F-8639-C0EFB09DEA06}.Debug|Any CPU.ActiveCfg = Debug|Any CPU
		{B27FB041-03D1-453F-8639-C0EFB09DEA06}.Debug|Any CPU.Build.0 = Debug|Any CPU
		{B27FB041-03D1-453F-8639-C0EFB09DEA06}.Release|Any CPU.ActiveCfg = Release|Any CPU
		{B27FB041-03D1-453F-8639-C0EFB09DEA06}.Release|Any CPU.Build.0 = Release|Any CPU
		{0BB25733-CB14-4BE1-98F2-D2B09D000D81}.Debug|Any CPU.ActiveCfg = Debug|Any CPU
		{0BB25733-CB14-4BE1-98F2-D2B09D000D81}.Debug|Any CPU.Build.0 = Debug|Any CPU
		{0BB25733-CB14-4BE1-98F2-D2B09D000D81}.Release|Any CPU.ActiveCfg = Release|Any CPU
		{0BB25733-CB14-4BE1-98F2-D2B09D000D81}.Release|Any CPU.Build.0 = Release|Any CPU
		{F9E7B3BA-64DD-425A-8590-63759A2B0CA2}.Debug|Any CPU.ActiveCfg = Debug|Any CPU
		{F9E7B3BA-64DD-425A-8590-63759A2B0CA2}.Debug|Any CPU.Build.0 = Debug|Any CPU
		{F9E7B3BA-64DD-425A-8590-63759A2B0CA2}.Release|Any CPU.ActiveCfg = Release|Any CPU
		{F9E7B3BA-64DD-425A-8590-63759A2B0CA2}.Release|Any CPU.Build.0 = Release|Any CPU
		{EC2FB87C-5D57-451D-BF4F-76B583AA149F}.Debug|Any CPU.ActiveCfg = Debug|Any CPU
		{EC2FB87C-5D57-451D-BF4F-76B583AA149F}.Debug|Any CPU.Build.0 = Debug|Any CPU
		{EC2FB87C-5D57-451D-BF4F-76B583AA149F}.Release|Any CPU.ActiveCfg = Release|Any CPU
		{EC2FB87C-5D57-451D-BF4F-76B583AA149F}.Release|Any CPU.Build.0 = Release|Any CPU
		{1551961F-821A-413F-A7DA-C2F0813FDA61}.Debug|Any CPU.ActiveCfg = Debug|Any CPU
		{1551961F-821A-413F-A7DA-C2F0813FDA61}.Debug|Any CPU.Build.0 = Debug|Any CPU
		{1551961F-821A-413F-A7DA-C2F0813FDA61}.Release|Any CPU.ActiveCfg = Release|Any CPU
		{1551961F-821A-413F-A7DA-C2F0813FDA61}.Release|Any CPU.Build.0 = Release|Any CPU
		{11BE3455-C5C9-44B1-85FD-35252239AF0F}.Debug|Any CPU.ActiveCfg = Debug|Any CPU
		{11BE3455-C5C9-44B1-85FD-35252239AF0F}.Debug|Any CPU.Build.0 = Debug|Any CPU
		{11BE3455-C5C9-44B1-85FD-35252239AF0F}.Release|Any CPU.ActiveCfg = Release|Any CPU
		{11BE3455-C5C9-44B1-85FD-35252239AF0F}.Release|Any CPU.Build.0 = Release|Any CPU
		{A1888271-6935-43CE-980A-10EA0C58AE7F}.Debug|Any CPU.ActiveCfg = Debug|Any CPU
		{A1888271-6935-43CE-980A-10EA0C58AE7F}.Debug|Any CPU.Build.0 = Debug|Any CPU
		{A1888271-6935-43CE-980A-10EA0C58AE7F}.Release|Any CPU.ActiveCfg = Release|Any CPU
		{A1888271-6935-43CE-980A-10EA0C58AE7F}.Release|Any CPU.Build.0 = Release|Any CPU
		{2176CC82-2603-4CF3-B8A2-DDC13B5214CC}.Debug|Any CPU.ActiveCfg = Debug|Any CPU
		{2176CC82-2603-4CF3-B8A2-DDC13B5214CC}.Debug|Any CPU.Build.0 = Debug|Any CPU
		{2176CC82-2603-4CF3-B8A2-DDC13B5214CC}.Release|Any CPU.ActiveCfg = Release|Any CPU
		{2176CC82-2603-4CF3-B8A2-DDC13B5214CC}.Release|Any CPU.Build.0 = Release|Any CPU
		{91399911-B101-4F04-A611-54F4008B7CA8}.Debug|Any CPU.ActiveCfg = Debug|Any CPU
		{91399911-B101-4F04-A611-54F4008B7CA8}.Debug|Any CPU.Build.0 = Debug|Any CPU
		{91399911-B101-4F04-A611-54F4008B7CA8}.Release|Any CPU.ActiveCfg = Release|Any CPU
		{91399911-B101-4F04-A611-54F4008B7CA8}.Release|Any CPU.Build.0 = Release|Any CPU
	EndGlobalSection
	GlobalSection(SolutionProperties) = preSolution
		HideSolutionNode = FALSE
	EndGlobalSection
	GlobalSection(NestedProjects) = preSolution
		{309A0CD8-C6CC-495D-83A0-B4F160663F24} = {4447E1F2-F1AF-40D3-8FAE-66E27DFB3D8D}
		{9E01F714-F3FC-4190-8987-D3E33E48D1A0} = {E4CE638E-D9E3-4140-939A-457BCA44EC94}
		{2361F7C9-24DC-4DDD-8436-5A641F55B7EA} = {9E01F714-F3FC-4190-8987-D3E33E48D1A0}
		{8905CA97-3CB1-459D-B28A-1667B9FBFB63} = {9E01F714-F3FC-4190-8987-D3E33E48D1A0}
		{05025E64-46BD-4230-BF6D-850C58AE3E06} = {E4CE638E-D9E3-4140-939A-457BCA44EC94}
		{AF317852-6BE8-490E-9F84-A787BB96AA3E} = {E4CE638E-D9E3-4140-939A-457BCA44EC94}
		{FDBA6454-9573-4441-A53D-583D48A83A55} = {E4CE638E-D9E3-4140-939A-457BCA44EC94}
		{C1EF55A1-5EEA-47D3-930D-7EF51056AE02} = {E4CE638E-D9E3-4140-939A-457BCA44EC94}
		{35952012-DD4C-4ED5-B5A7-86FDBF113B92} = {E4CE638E-D9E3-4140-939A-457BCA44EC94}
		{047B7492-D254-4C9B-9845-9CAACE25A9C6} = {E4CE638E-D9E3-4140-939A-457BCA44EC94}
		{061E0D4F-DECC-48D7-AD78-96BB781C32E0} = {E4CE638E-D9E3-4140-939A-457BCA44EC94}
		{02FB48F8-451F-4226-8698-5C206A269EA1} = {E4CE638E-D9E3-4140-939A-457BCA44EC94}
		{A9743C31-9C70-40C9-94DF-9F6F7A8A8658} = {E4CE638E-D9E3-4140-939A-457BCA44EC94}
		{D9C70FF0-8C75-4B3A-BF5E-6DB73D1D7F67} = {E4CE638E-D9E3-4140-939A-457BCA44EC94}
		{41374E97-A952-4EC3-98A7-012DD2CF11E5} = {E4CE638E-D9E3-4140-939A-457BCA44EC94}
		{F72E1CE4-0825-4135-A249-B1617BD9048C} = {05025E64-46BD-4230-BF6D-850C58AE3E06}
		{DDC23DA0-F731-4AAF-8ECA-F4DBF883CE80} = {05025E64-46BD-4230-BF6D-850C58AE3E06}
		{A40BB2C7-4A67-4A34-8811-646B660A4E4D} = {AF317852-6BE8-490E-9F84-A787BB96AA3E}
		{0105953B-C882-4E37-9067-D086D055CCFD} = {AF317852-6BE8-490E-9F84-A787BB96AA3E}
		{BF37AA62-DEB2-4704-AE60-84E77B0C26BC} = {FDBA6454-9573-4441-A53D-583D48A83A55}
		{8E7D3A6A-988F-4C75-9A07-D90186A1BF37} = {FDBA6454-9573-4441-A53D-583D48A83A55}
		{FAF7FDB4-B9D1-41F4-988E-F37C12727840} = {C1EF55A1-5EEA-47D3-930D-7EF51056AE02}
		{718A86CB-9515-403B-94D8-C2EFA47592DF} = {C1EF55A1-5EEA-47D3-930D-7EF51056AE02}
		{5F6D79A3-2119-4922-BD80-1ADE67F9B01B} = {35952012-DD4C-4ED5-B5A7-86FDBF113B92}
		{22DC65A6-80CD-4930-91EF-0C041CA2F3D4} = {35952012-DD4C-4ED5-B5A7-86FDBF113B92}
		{C2864017-84D3-4020-BE9A-C2426CB6AA99} = {047B7492-D254-4C9B-9845-9CAACE25A9C6}
		{AFC44B34-83CF-4FBA-B052-909F2D2DDF6E} = {047B7492-D254-4C9B-9845-9CAACE25A9C6}
		{45216C44-CD1D-418C-8FAF-7293ABB9377C} = {061E0D4F-DECC-48D7-AD78-96BB781C32E0}
		{939F1A65-F4E9-4226-81B2-FACDF1B05734} = {061E0D4F-DECC-48D7-AD78-96BB781C32E0}
		{FD44B2D1-10CC-4A69-9EB7-03074A73F5E2} = {02FB48F8-451F-4226-8698-5C206A269EA1}
		{B27FB041-03D1-453F-8639-C0EFB09DEA06} = {02FB48F8-451F-4226-8698-5C206A269EA1}
		{0BB25733-CB14-4BE1-98F2-D2B09D000D81} = {A9743C31-9C70-40C9-94DF-9F6F7A8A8658}
		{F9E7B3BA-64DD-425A-8590-63759A2B0CA2} = {A9743C31-9C70-40C9-94DF-9F6F7A8A8658}
		{EC2FB87C-5D57-451D-BF4F-76B583AA149F} = {D9C70FF0-8C75-4B3A-BF5E-6DB73D1D7F67}
		{1551961F-821A-413F-A7DA-C2F0813FDA61} = {D9C70FF0-8C75-4B3A-BF5E-6DB73D1D7F67}
		{11BE3455-C5C9-44B1-85FD-35252239AF0F} = {41374E97-A952-4EC3-98A7-012DD2CF11E5}
		{A1888271-6935-43CE-980A-10EA0C58AE7F} = {41374E97-A952-4EC3-98A7-012DD2CF11E5}
		{C0322C7C-E3DA-4B2A-A8DD-48BBE2812CC6} = {E99E7CC7-6365-43B6-94E2-108E4C4B4493}
		{2176CC82-2603-4CF3-B8A2-DDC13B5214CC} = {C0322C7C-E3DA-4B2A-A8DD-48BBE2812CC6}
		{91399911-B101-4F04-A611-54F4008B7CA8} = {C0322C7C-E3DA-4B2A-A8DD-48BBE2812CC6}
	EndGlobalSection
	GlobalSection(ExtensibilityGlobals) = postSolution
		SolutionGuid = {E16E8B4A-38F9-4152-99EE-765BBB6C8553}
	EndGlobalSection
EndGlobal
