
Microsoft Visual Studio Solution File, Format Version 12.00
# Visual Studio Version 17
VisualStudioVersion = 17.3.32811.315
MinimumVisualStudioVersion = 10.0.40219.1
Project("{2150E333-8FDC-42A3-9474-1A3956D46DE8}") = "day1", "day1", "{AFE0B162-BC2B-4DF6-BA43-FE1096592A33}"
EndProject
Project("{9A19103F-16F7-4668-BE54-9A1E7A4F7556}") = "Day1", "day1\Day1.csproj", "{17B2F21C-DAB6-4A2D-9729-0697CC598515}"
EndProject
Project("{9A19103F-16F7-4668-BE54-9A1E7A4F7556}") = "Day1Test", "day1Test\Day1Test.csproj", "{B9B0403E-71DA-4861-B4F2-7AEA7A161ECA}"
EndProject
Project("{9A19103F-16F7-4668-BE54-9A1E7A4F7556}") = "Helpers", "Helpers\Helpers.csproj", "{B55A19F5-AFDF-418E-A33C-B98EC157C341}"
EndProject
Project("{2150E333-8FDC-42A3-9474-1A3956D46DE8}") = "day2", "day2", "{15BE21AE-1EE2-40F4-9705-25AD01B6F517}"
EndProject
Project("{9A19103F-16F7-4668-BE54-9A1E7A4F7556}") = "Day2Test", "Day2Test\Day2Test.csproj", "{3D0D848F-5490-4F14-9D17-7AC8E1DE5A63}"
EndProject
Project("{9A19103F-16F7-4668-BE54-9A1E7A4F7556}") = "Day2", "Day2\Day2.csproj", "{85CA2A99-14BD-40F3-8508-5E11C08A4C9B}"
EndProject
Project("{2150E333-8FDC-42A3-9474-1A3956D46DE8}") = "Template", "Template", "{4315FF15-59CE-4D1C-A962-238E16F744BB}"
EndProject
Project("{FAE04EC0-301F-11D3-BF4B-00C04F79EFBC}") = "Template", "Day3\Template.csproj", "{009190EE-320F-4EF7-BE23-0F026E3801E3}"
EndProject
Project("{FAE04EC0-301F-11D3-BF4B-00C04F79EFBC}") = "TemplateTest", "Day3Test\TemplateTest.csproj", "{856830D2-AA90-4853-8E82-18E92B67BB0D}"
EndProject
Global
	GlobalSection(SolutionConfigurationPlatforms) = preSolution
		Debug|Any CPU = Debug|Any CPU
		Release|Any CPU = Release|Any CPU
	EndGlobalSection
	GlobalSection(ProjectConfigurationPlatforms) = postSolution
		{17B2F21C-DAB6-4A2D-9729-0697CC598515}.Debug|Any CPU.ActiveCfg = Debug|Any CPU
		{17B2F21C-DAB6-4A2D-9729-0697CC598515}.Debug|Any CPU.Build.0 = Debug|Any CPU
		{17B2F21C-DAB6-4A2D-9729-0697CC598515}.Release|Any CPU.ActiveCfg = Release|Any CPU
		{17B2F21C-DAB6-4A2D-9729-0697CC598515}.Release|Any CPU.Build.0 = Release|Any CPU
		{B9B0403E-71DA-4861-B4F2-7AEA7A161ECA}.Debug|Any CPU.ActiveCfg = Debug|Any CPU
		{B9B0403E-71DA-4861-B4F2-7AEA7A161ECA}.Debug|Any CPU.Build.0 = Debug|Any CPU
		{B9B0403E-71DA-4861-B4F2-7AEA7A161ECA}.Release|Any CPU.ActiveCfg = Release|Any CPU
		{B9B0403E-71DA-4861-B4F2-7AEA7A161ECA}.Release|Any CPU.Build.0 = Release|Any CPU
		{B55A19F5-AFDF-418E-A33C-B98EC157C341}.Debug|Any CPU.ActiveCfg = Debug|Any CPU
		{B55A19F5-AFDF-418E-A33C-B98EC157C341}.Debug|Any CPU.Build.0 = Debug|Any CPU
		{B55A19F5-AFDF-418E-A33C-B98EC157C341}.Release|Any CPU.ActiveCfg = Release|Any CPU
		{B55A19F5-AFDF-418E-A33C-B98EC157C341}.Release|Any CPU.Build.0 = Release|Any CPU
		{3D0D848F-5490-4F14-9D17-7AC8E1DE5A63}.Debug|Any CPU.ActiveCfg = Debug|Any CPU
		{3D0D848F-5490-4F14-9D17-7AC8E1DE5A63}.Debug|Any CPU.Build.0 = Debug|Any CPU
		{3D0D848F-5490-4F14-9D17-7AC8E1DE5A63}.Release|Any CPU.ActiveCfg = Release|Any CPU
		{3D0D848F-5490-4F14-9D17-7AC8E1DE5A63}.Release|Any CPU.Build.0 = Release|Any CPU
		{85CA2A99-14BD-40F3-8508-5E11C08A4C9B}.Debug|Any CPU.ActiveCfg = Debug|Any CPU
		{85CA2A99-14BD-40F3-8508-5E11C08A4C9B}.Debug|Any CPU.Build.0 = Debug|Any CPU
		{85CA2A99-14BD-40F3-8508-5E11C08A4C9B}.Release|Any CPU.ActiveCfg = Release|Any CPU
		{85CA2A99-14BD-40F3-8508-5E11C08A4C9B}.Release|Any CPU.Build.0 = Release|Any CPU
		{009190EE-320F-4EF7-BE23-0F026E3801E3}.Debug|Any CPU.ActiveCfg = Debug|Any CPU
		{009190EE-320F-4EF7-BE23-0F026E3801E3}.Debug|Any CPU.Build.0 = Debug|Any CPU
		{009190EE-320F-4EF7-BE23-0F026E3801E3}.Release|Any CPU.ActiveCfg = Release|Any CPU
		{009190EE-320F-4EF7-BE23-0F026E3801E3}.Release|Any CPU.Build.0 = Release|Any CPU
		{856830D2-AA90-4853-8E82-18E92B67BB0D}.Debug|Any CPU.ActiveCfg = Debug|Any CPU
		{856830D2-AA90-4853-8E82-18E92B67BB0D}.Debug|Any CPU.Build.0 = Debug|Any CPU
		{856830D2-AA90-4853-8E82-18E92B67BB0D}.Release|Any CPU.ActiveCfg = Release|Any CPU
		{856830D2-AA90-4853-8E82-18E92B67BB0D}.Release|Any CPU.Build.0 = Release|Any CPU
	EndGlobalSection
	GlobalSection(SolutionProperties) = preSolution
		HideSolutionNode = FALSE
	EndGlobalSection
	GlobalSection(NestedProjects) = preSolution
		{17B2F21C-DAB6-4A2D-9729-0697CC598515} = {AFE0B162-BC2B-4DF6-BA43-FE1096592A33}
		{B9B0403E-71DA-4861-B4F2-7AEA7A161ECA} = {AFE0B162-BC2B-4DF6-BA43-FE1096592A33}
		{3D0D848F-5490-4F14-9D17-7AC8E1DE5A63} = {15BE21AE-1EE2-40F4-9705-25AD01B6F517}
		{85CA2A99-14BD-40F3-8508-5E11C08A4C9B} = {15BE21AE-1EE2-40F4-9705-25AD01B6F517}
		{009190EE-320F-4EF7-BE23-0F026E3801E3} = {4315FF15-59CE-4D1C-A962-238E16F744BB}
		{856830D2-AA90-4853-8E82-18E92B67BB0D} = {4315FF15-59CE-4D1C-A962-238E16F744BB}
	EndGlobalSection
	GlobalSection(ExtensibilityGlobals) = postSolution
		SolutionGuid = {E16E8B4A-38F9-4152-99EE-765BBB6C8553}
	EndGlobalSection
EndGlobal
